{
  "requires": true,
  "lockfileVersion": 1,
  "dependencies": {
    "alert": {
      "version": "5.0.9",
      "resolved": "https://registry.npmjs.org/alert/-/alert-5.0.9.tgz",
      "integrity": "sha512-hWetAUILu0ctRSVXWWrxhbimuH4NiGR3jhGNMtX1VCvz4ydde6kZuKIKXzjXlKL2f/jSElie0orWE3wW2dmHuA==",
      "requires": {
        "is-program-installed": "2.1.4"
      }
    },
    "is-program-installed": {
      "version": "2.1.4",
      "resolved": "https://registry.npmjs.org/is-program-installed/-/is-program-installed-2.1.4.tgz",
      "integrity": "sha512-wj8BQpXtMHB/7bGFS/TNFQCfzt0/+3Mc+S2+UminHShpLFiOO2unTYyh731BbcBsOyWAefniuHjnNXK+a66vTA=="
    },
    "jquery": {
      "version": "3.5.1",
      "resolved": "https://registry.npmjs.org/jquery/-/jquery-3.5.1.tgz",
      "integrity": "sha512-XwIBPqcMn57FxfT+Go5pzySnm4KWkT1Tv7gjrpT1srtf8Weynl6R273VJ5GjkRb51IzMp5nbaPjJXMWeju2MKg=="
    }
  }
}
